
Microsoft Visual Studio Solution File, Format Version 12.00
# Visual Studio Version 16
VisualStudioVersion = 16.0.29905.134
MinimumVisualStudioVersion = 10.0.40219.1
Project("{FAE04EC0-301F-11D3-BF4B-00C04F79EFBC}") = "Leger.WPF", "Leger.WPF\Leger.WPF.csproj", "{1E4E10ED-CEAB-48B4-AC59-79DAF6E2B917}"
EndProject
Project("{FAE04EC0-301F-11D3-BF4B-00C04F79EFBC}") = "Leger.LIB", "Leger.LIB\Leger.LIB.csproj", "{03152C85-27A1-419F-A85A-B8A7E64F59EF}"
EndProject
Global
	GlobalSection(SolutionConfigurationPlatforms) = preSolution
		Debug|Any CPU = Debug|Any CPU
		Release|Any CPU = Release|Any CPU
	EndGlobalSection
	GlobalSection(ProjectConfigurationPlatforms) = postSolution
		{1E4E10ED-CEAB-48B4-AC59-79DAF6E2B917}.Debug|Any CPU.ActiveCfg = Debug|Any CPU
		{1E4E10ED-CEAB-48B4-AC59-79DAF6E2B917}.Debug|Any CPU.Build.0 = Debug|Any CPU
		{1E4E10ED-CEAB-48B4-AC59-79DAF6E2B917}.Release|Any CPU.ActiveCfg = Release|Any CPU
		{1E4E10ED-CEAB-48B4-AC59-79DAF6E2B917}.Release|Any CPU.Build.0 = Release|Any CPU
		{03152C85-27A1-419F-A85A-B8A7E64F59EF}.Debug|Any CPU.ActiveCfg = Debug|Any CPU
		{03152C85-27A1-419F-A85A-B8A7E64F59EF}.Debug|Any CPU.Build.0 = Debug|Any CPU
		{03152C85-27A1-419F-A85A-B8A7E64F59EF}.Release|Any CPU.ActiveCfg = Release|Any CPU
		{03152C85-27A1-419F-A85A-B8A7E64F59EF}.Release|Any CPU.Build.0 = Release|Any CPU
	EndGlobalSection
	GlobalSection(SolutionProperties) = preSolution
		HideSolutionNode = FALSE
	EndGlobalSection
	GlobalSection(ExtensibilityGlobals) = postSolution
		SolutionGuid = {6F6DE973-2BFE-4DBE-9CA1-30E77FD981B4}
	EndGlobalSection
EndGlobal
